
Microsoft Visual Studio Solution File, Format Version 12.00
# Visual Studio Version 16
VisualStudioVersion = 16.0.30503.244
MinimumVisualStudioVersion = 10.0.40219.1
Project("{FAE04EC0-301F-11D3-BF4B-00C04F79EFBC}") = "chainOfResponsibility", "chainOfResponsibility\chainOfResponsibility.csproj", "{8F8501B3-64FA-4D00-8E6B-29EA69E8BD15}"
EndProject
Global
	GlobalSection(SolutionConfigurationPlatforms) = preSolution
		Debug|Any CPU = Debug|Any CPU
		Release|Any CPU = Release|Any CPU
	EndGlobalSection
	GlobalSection(ProjectConfigurationPlatforms) = postSolution
		{8F8501B3-64FA-4D00-8E6B-29EA69E8BD15}.Debug|Any CPU.ActiveCfg = Debug|Any CPU
		{8F8501B3-64FA-4D00-8E6B-29EA69E8BD15}.Debug|Any CPU.Build.0 = Debug|Any CPU
		{8F8501B3-64FA-4D00-8E6B-29EA69E8BD15}.Release|Any CPU.ActiveCfg = Release|Any CPU
		{8F8501B3-64FA-4D00-8E6B-29EA69E8BD15}.Release|Any CPU.Build.0 = Release|Any CPU
	EndGlobalSection
	GlobalSection(SolutionProperties) = preSolution
		HideSolutionNode = FALSE
	EndGlobalSection
	GlobalSection(ExtensibilityGlobals) = postSolution
		SolutionGuid = {3AD7AF24-1E21-4977-B5F3-39F7EFA1D69D}
	EndGlobalSection
EndGlobal
